
Microsoft Visual Studio Solution File, Format Version 12.00
# Visual Studio Version 16
VisualStudioVersion = 16.0.29920.165
MinimumVisualStudioVersion = 10.0.40219.1
Project("{9A19103F-16F7-4668-BE54-9A1E7A4F7556}") = "aplikacja5", "aplikacja5.csproj", "{7D54EDE1-95A2-4105-A093-9B69AEED1553}"
EndProject
Global
	GlobalSection(SolutionConfigurationPlatforms) = preSolution
		Debug|Any CPU = Debug|Any CPU
		Release|Any CPU = Release|Any CPU
	EndGlobalSection
	GlobalSection(ProjectConfigurationPlatforms) = postSolution
		{7D54EDE1-95A2-4105-A093-9B69AEED1553}.Debug|Any CPU.ActiveCfg = Debug|Any CPU
		{7D54EDE1-95A2-4105-A093-9B69AEED1553}.Debug|Any CPU.Build.0 = Debug|Any CPU
		{7D54EDE1-95A2-4105-A093-9B69AEED1553}.Release|Any CPU.ActiveCfg = Release|Any CPU
		{7D54EDE1-95A2-4105-A093-9B69AEED1553}.Release|Any CPU.Build.0 = Release|Any CPU
	EndGlobalSection
	GlobalSection(SolutionProperties) = preSolution
		HideSolutionNode = FALSE
	EndGlobalSection
	GlobalSection(ExtensibilityGlobals) = postSolution
		SolutionGuid = {DC64F212-FEAC-4A2B-A9E0-59137DF3C440}
	EndGlobalSection
EndGlobal
